
Microsoft Visual Studio Solution File, Format Version 12.00
# Visual Studio Version 17
VisualStudioVersion = 17.7.34031.279
MinimumVisualStudioVersion = 10.0.40219.1
Project("{2150E333-8FDC-42A3-9474-1A3956D46DE8}") = "Gateway", "Gateway", "{69AFE35B-1F82-41BB-9EBD-CC8378B437C0}"
EndProject
Project("{2150E333-8FDC-42A3-9474-1A3956D46DE8}") = "Microservices", "Microservices", "{699211EC-FC39-4813-8465-ECA2F6C66F1C}"
EndProject
Project("{9A19103F-16F7-4668-BE54-9A1E7A4F7556}") = "USOD.ApiGateway", "Gateway\USOD.ApiGateway.csproj", "{69C2B933-9D03-41E5-B766-C30F56DAC086}"
EndProject
Project("{9A19103F-16F7-4668-BE54-9A1E7A4F7556}") = "USOD.DonorAPI", "Microservices\USOD.DonorAPI\USOD.DonorAPI.csproj", "{2CF063B0-BB51-46DC-BF27-4096DD3C27B6}"
EndProject
Project("{2150E333-8FDC-42A3-9474-1A3956D46DE8}") = "Domain", "Domain", "{69AD44EE-837B-4884-8606-9549C28BF1AC}"
EndProject
Project("{2150E333-8FDC-42A3-9474-1A3956D46DE8}") = "Models", "Models", "{D902D072-B1EE-47C5-A519-A33E06B9F39E}"
EndProject
Project("{9A19103F-16F7-4668-BE54-9A1E7A4F7556}") = "Donor_Library", "Domain\Models\Donor.Library\Donor_Library.csproj", "{BD5F4D40-987E-4FC0-8D0B-00BBA5AEC2AC}"
EndProject
Global
	GlobalSection(SolutionConfigurationPlatforms) = preSolution
		Debug|Any CPU = Debug|Any CPU
		Release|Any CPU = Release|Any CPU
	EndGlobalSection
	GlobalSection(ProjectConfigurationPlatforms) = postSolution
		{69C2B933-9D03-41E5-B766-C30F56DAC086}.Debug|Any CPU.ActiveCfg = Debug|Any CPU
		{69C2B933-9D03-41E5-B766-C30F56DAC086}.Debug|Any CPU.Build.0 = Debug|Any CPU
		{69C2B933-9D03-41E5-B766-C30F56DAC086}.Release|Any CPU.ActiveCfg = Release|Any CPU
		{69C2B933-9D03-41E5-B766-C30F56DAC086}.Release|Any CPU.Build.0 = Release|Any CPU
		{2CF063B0-BB51-46DC-BF27-4096DD3C27B6}.Debug|Any CPU.ActiveCfg = Debug|Any CPU
		{2CF063B0-BB51-46DC-BF27-4096DD3C27B6}.Debug|Any CPU.Build.0 = Debug|Any CPU
		{2CF063B0-BB51-46DC-BF27-4096DD3C27B6}.Release|Any CPU.ActiveCfg = Release|Any CPU
		{2CF063B0-BB51-46DC-BF27-4096DD3C27B6}.Release|Any CPU.Build.0 = Release|Any CPU
		{BD5F4D40-987E-4FC0-8D0B-00BBA5AEC2AC}.Debug|Any CPU.ActiveCfg = Debug|Any CPU
		{BD5F4D40-987E-4FC0-8D0B-00BBA5AEC2AC}.Debug|Any CPU.Build.0 = Debug|Any CPU
		{BD5F4D40-987E-4FC0-8D0B-00BBA5AEC2AC}.Release|Any CPU.ActiveCfg = Release|Any CPU
		{BD5F4D40-987E-4FC0-8D0B-00BBA5AEC2AC}.Release|Any CPU.Build.0 = Release|Any CPU
	EndGlobalSection
	GlobalSection(SolutionProperties) = preSolution
		HideSolutionNode = FALSE
	EndGlobalSection
	GlobalSection(NestedProjects) = preSolution
		{69C2B933-9D03-41E5-B766-C30F56DAC086} = {69AFE35B-1F82-41BB-9EBD-CC8378B437C0}
		{2CF063B0-BB51-46DC-BF27-4096DD3C27B6} = {699211EC-FC39-4813-8465-ECA2F6C66F1C}
		{D902D072-B1EE-47C5-A519-A33E06B9F39E} = {69AD44EE-837B-4884-8606-9549C28BF1AC}
		{BD5F4D40-987E-4FC0-8D0B-00BBA5AEC2AC} = {D902D072-B1EE-47C5-A519-A33E06B9F39E}
	EndGlobalSection
	GlobalSection(ExtensibilityGlobals) = postSolution
		SolutionGuid = {5CA0E614-D90F-4C97-AFCE-7E49F895A96E}
	EndGlobalSection
EndGlobal
